
Microsoft Visual Studio Solution File, Format Version 12.00
# Visual Studio 15
VisualStudioVersion = 15.0.28307.106
MinimumVisualStudioVersion = 10.0.40219.1
Project("{2150E333-8FDC-42A3-9474-1A3956D46DE8}") = "tools", "tools", "{E9F4C52D-3853-4E8D-A98C-0F53E897EB3D}"
EndProject
Project("{FAE04EC0-301F-11D3-BF4B-00C04F79EFBC}") = "Builder", "tools\Builder\Builder.csproj", "{B1C7C4FF-1AD8-4019-A1EA-052589F986C5}"
EndProject
Project("{FAE04EC0-301F-11D3-BF4B-00C04F79EFBC}") = "Extractor", "tools\Extractor\Extractor.csproj", "{A4FDF022-A82E-492C-B592-0C9BCBEB6BFF}"
EndProject
Project("{FAE04EC0-301F-11D3-BF4B-00C04F79EFBC}") = "ImageFinder", "tools\ImageFinder\ImageFinder.csproj", "{98F486F2-C934-4690-BC8E-CF6905B8E8D2}"
EndProject
Project("{FAE04EC0-301F-11D3-BF4B-00C04F79EFBC}") = "Merger", "tools\Merger\Merger.csproj", "{1B397A95-3FA1-44F4-80D3-16C92349BEC4}"
EndProject
Project("{FAE04EC0-301F-11D3-BF4B-00C04F79EFBC}") = "ScreenName", "tools\ScreenName\ScreenName.csproj", "{9916E4DA-3360-4251-AEBC-96AFAAD3AAC5}"
EndProject
Project("{2150E333-8FDC-42A3-9474-1A3956D46DE8}") = "skinfiles", "skinfiles", "{80E427B7-97E8-443D-BF5B-4DCF010D37AD}"
	ProjectSection(SolutionItems) = preProject
		skinfiles\About.xml = skinfiles\About.xml
		skinfiles\AdapterSetup.xml = skinfiles\AdapterSetup.xml
		skinfiles\AdapterSetupConfiguration.xml = skinfiles\AdapterSetupConfiguration.xml
		skinfiles\addExe.xml = skinfiles\addExe.xml
		skinfiles\addJob.xml = skinfiles\addJob.xml
		skinfiles\AllNews.xml = skinfiles\AllNews.xml
		skinfiles\AnimationSetupConfig.xml = skinfiles\AnimationSetupConfig.xml
		skinfiles\AnimationSetupScreen.xml = skinfiles\AnimationSetupScreen.xml
		skinfiles\AtileHD_About.xml = skinfiles\AtileHD_About.xml
		skinfiles\AtileHD_Config.xml = skinfiles\AtileHD_Config.xml
		skinfiles\AtileHDScreens.xml = skinfiles\AtileHDScreens.xml
		skinfiles\AudioSelection.xml = skinfiles\AudioSelection.xml
		skinfiles\AudioZap.xml = skinfiles\AudioZap.xml
		skinfiles\AutoMountEdit.xml = skinfiles\AutoMountEdit.xml
		skinfiles\AutoMountManager.xml = skinfiles\AutoMountManager.xml
		skinfiles\AutoMountView.xml = skinfiles\AutoMountView.xml
		skinfiles\AutoShutDownConfiguration.xml = skinfiles\AutoShutDownConfiguration.xml
		skinfiles\AutoTimerEditor.xml = skinfiles\AutoTimerEditor.xml
		skinfiles\AutoTimerFilterEditor.xml = skinfiles\AutoTimerFilterEditor.xml
		skinfiles\AutoTimerImporter.xml = skinfiles\AutoTimerImporter.xml
		skinfiles\AutoTimerOverview.xml = skinfiles\AutoTimerOverview.xml
		skinfiles\AutoTimerPreview.xml = skinfiles\AutoTimerPreview.xml
		skinfiles\AutoTimerServiceEditor.xml = skinfiles\AutoTimerServiceEditor.xml
		skinfiles\AutoTimerSettings.xml = skinfiles\AutoTimerSettings.xml
		skinfiles\BackupSelection.xml = skinfiles\BackupSelection.xml
		skinfiles\BackupSuite.xml = skinfiles\BackupSuite.xml
		skinfiles\BackupSuiteRestore.xml = skinfiles\BackupSuiteRestore.xml
		skinfiles\BitrateViewer.xml = skinfiles\BitrateViewer.xml
		skinfiles\Blindscan.xml = skinfiles\Blindscan.xml
		skinfiles\BluetoothDiscoveryScreen.xml = skinfiles\BluetoothDiscoveryScreen.xml
		skinfiles\BluetoothRCUSetup.xml = skinfiles\BluetoothRCUSetup.xml
		skinfiles\BluetoothSetupConfig.xml = skinfiles\BluetoothSetupConfig.xml
		skinfiles\BluetoothSetupScreen.xml = skinfiles\BluetoothSetupScreen.xml
		skinfiles\BouquetSelector.xml = skinfiles\BouquetSelector.xml
		skinfiles\CableScanStatus.xml = skinfiles\CableScanStatus.xml
		skinfiles\CAidSelect.xml = skinfiles\CAidSelect.xml
		skinfiles\CamSelectMenu.xml = skinfiles\CamSelectMenu.xml
		skinfiles\ChannelContextMenu.xml = skinfiles\ChannelContextMenu.xml
		skinfiles\ChannelSelection.xml = skinfiles\ChannelSelection.xml
		skinfiles\ChannelSelectionHorizontal.xml = skinfiles\ChannelSelectionHorizontal.xml
		skinfiles\ChannelSelectionRadio.xml = skinfiles\ChannelSelectionRadio.xml
		skinfiles\ChoiceBox.xml = skinfiles\ChoiceBox.xml
		skinfiles\ChoiceBox_parameters.xml = skinfiles\ChoiceBox_parameters.xml
		skinfiles\ChromiumOSSettings.xml = skinfiles\ChromiumOSSettings.xml
		skinfiles\ChromiumOSWindow.xml = skinfiles\ChromiumOSWindow.xml
		skinfiles\CIconfigMenu.xml = skinfiles\CIconfigMenu.xml
		skinfiles\CiSelection.xml = skinfiles\CiSelection.xml
		skinfiles\CIselectMainMenu.xml = skinfiles\CIselectMainMenu.xml
		skinfiles\colors.xml = skinfiles\colors.xml
		skinfiles\Console.xml = skinfiles\Console.xml
		skinfiles\constant-widgets.xml = skinfiles\constant-widgets.xml
		skinfiles\CoverFindAll.xml = skinfiles\CoverFindAll.xml
		skinfiles\CoverFindConfigScreen.xml = skinfiles\CoverFindConfigScreen.xml
		skinfiles\CoverFindScreen.xml = skinfiles\CoverFindScreen.xml
		skinfiles\CreateQuadPipChannelEntry.xml = skinfiles\CreateQuadPipChannelEntry.xml
		skinfiles\CronManager.xml = skinfiles\CronManager.xml
		skinfiles\CronManagerFile.xml = skinfiles\CronManagerFile.xml
		skinfiles\CutListEditor.xml = skinfiles\CutListEditor.xml
		skinfiles\DefaultSatLists.xml = skinfiles\DefaultSatLists.xml
		skinfiles\DefaultWizard.xml = skinfiles\DefaultWizard.xml
		skinfiles\DeviceManager2.xml = skinfiles\DeviceManager2.xml
		skinfiles\DeviceManager2Message.xml = skinfiles\DeviceManager2Message.xml
		skinfiles\DriverManagerDownload.xml = skinfiles\DriverManagerDownload.xml
		skinfiles\DVB_EPG_blacklist_ChannelSelection.xml = skinfiles\DVB_EPG_blacklist_ChannelSelection.xml
		skinfiles\DVDPlayer.xml = skinfiles\DVDPlayer.xml
		skinfiles\easyCIconfigMenu.xml = skinfiles\easyCIconfigMenu.xml
		skinfiles\Edit_DVB_EPG_Blacklist.xml = skinfiles\Edit_DVB_EPG_Blacklist.xml
		skinfiles\EPGPanel.xml = skinfiles\EPGPanel.xml
		skinfiles\EPGRefreshConfiguration.xml = skinfiles\EPGRefreshConfiguration.xml
		skinfiles\EPGRefreshServiceEditor.xml = skinfiles\EPGRefreshServiceEditor.xml
		skinfiles\EPGSearchSetup.xml = skinfiles\EPGSearchSetup.xml
		skinfiles\EPGSelection.xml = skinfiles\EPGSelection.xml
		skinfiles\EPGSelectionEPGBar_HD.xml = skinfiles\EPGSelectionEPGBar_HD.xml
		skinfiles\EPGSelectionMulti.xml = skinfiles\EPGSelectionMulti.xml
		skinfiles\EventView.xml = skinfiles\EventView.xml
		skinfiles\ExeManager.xml = skinfiles\ExeManager.xml
		skinfiles\ExeManagerFile.xml = skinfiles\ExeManagerFile.xml
		skinfiles\FastScanScreen.xml = skinfiles\FastScanScreen.xml
		skinfiles\FastScanStatus.xml = skinfiles\FastScanStatus.xml
		skinfiles\FCCSetup.xml = skinfiles\FCCSetup.xml
		skinfiles\FileBrowser.xml = skinfiles\FileBrowser.xml
		skinfiles\FilebrowserConfigScreenVTi.xml = skinfiles\FilebrowserConfigScreenVTi.xml
		skinfiles\FilebrowserVTi_hor.xml = skinfiles\FilebrowserVTi_hor.xml
		skinfiles\FilebrowserVTi_unpack.xml = skinfiles\FilebrowserVTi_unpack.xml
		skinfiles\FilebrowserVTi_unpack_info.xml = skinfiles\FilebrowserVTi_unpack_info.xml
		skinfiles\FilebrowserVTi_ver.xml = skinfiles\FilebrowserVTi_ver.xml
		skinfiles\FileDirBrowser.xml = skinfiles\FileDirBrowser.xml
		skinfiles\fonts.xml = skinfiles\fonts.xml
		skinfiles\GraphMultiEPG.xml = skinfiles\GraphMultiEPG.xml
		skinfiles\GraphMultiEPG1.xml = skinfiles\GraphMultiEPG1.xml
		skinfiles\GraphMultiEPG2.xml = skinfiles\GraphMultiEPG2.xml
		skinfiles\GraphMultiEPG3.xml = skinfiles\GraphMultiEPG3.xml
		skinfiles\GraphMultiEPG_colors.xml = skinfiles\GraphMultiEPG_colors.xml
		skinfiles\GraphMultiEPG_parameters.xml = skinfiles\GraphMultiEPG_parameters.xml
		skinfiles\HarddiskSelection.xml = skinfiles\HarddiskSelection.xml
		skinfiles\HdmiCecPlugin.xml = skinfiles\HdmiCecPlugin.xml
		skinfiles\HelpMenu.xml = skinfiles\HelpMenu.xml
		skinfiles\InfoBar.xml = skinfiles\InfoBar.xml
		skinfiles\InfoBarZapHistory.xml = skinfiles\InfoBarZapHistory.xml
		skinfiles\InfoPanel.xml = skinfiles\InfoPanel.xml
		skinfiles\InputBox.xml = skinfiles\InputBox.xml
		skinfiles\InputBoxmod.xml = skinfiles\InputBoxmod.xml
		skinfiles\InputMacroName.xml = skinfiles\InputMacroName.xml
		skinfiles\InputPanelPassword.xml = skinfiles\InputPanelPassword.xml
		skinfiles\Ipkg.xml = skinfiles\Ipkg.xml
		skinfiles\JobView.xml = skinfiles\JobView.xml
		skinfiles\LanguageSelection.xml = skinfiles\LanguageSelection.xml
		skinfiles\LanguageWizard.xml = skinfiles\LanguageWizard.xml
		skinfiles\LCDdisplayConfig.xml = skinfiles\LCDdisplayConfig.xml
		skinfiles\LiveStreamingLinks.xml = skinfiles\LiveStreamingLinks.xml
		skinfiles\LiveStreamingLinksHeader.xml = skinfiles\LiveStreamingLinksHeader.xml
		skinfiles\LocationBox.xml = skinfiles\LocationBox.xml
		skinfiles\MediaPlayer.xml = skinfiles\MediaPlayer.xml
		skinfiles\Menu.xml = skinfiles\Menu.xml
		skinfiles\menu_information.xml = skinfiles\menu_information.xml
		skinfiles\menu_mainmenu.xml = skinfiles\menu_mainmenu.xml
		skinfiles\menu_scan.xml = skinfiles\menu_scan.xml
		skinfiles\menu_setup.xml = skinfiles\menu_setup.xml
		skinfiles\menu_shutdown.xml = skinfiles\menu_shutdown.xml
		skinfiles\menu_system.xml = skinfiles\menu_system.xml
		skinfiles\menu_tasklist.xml = skinfiles\menu_tasklist.xml
		skinfiles\MessageBox.xml = skinfiles\MessageBox.xml
		skinfiles\MessageBoxConfirmCode.xml = skinfiles\MessageBoxConfirmCode.xml
		skinfiles\MinuteInput.xml = skinfiles\MinuteInput.xml
		skinfiles\MMIDialog.xml = skinfiles\MMIDialog.xml
		skinfiles\modifyExe.xml = skinfiles\modifyExe.xml
		skinfiles\modifyJob.xml = skinfiles\modifyJob.xml
		skinfiles\MovieContextMenu.xml = skinfiles\MovieContextMenu.xml
		skinfiles\MoviePlayer.xml = skinfiles\MoviePlayer.xml
		skinfiles\MovieSelection.xml = skinfiles\MovieSelection.xml
		skinfiles\MovieSelection_fonts.xml = skinfiles\MovieSelection_fonts.xml
		skinfiles\MovieSelection_parameters.xml = skinfiles\MovieSelection_parameters.xml
		skinfiles\MPHelp.xml = skinfiles\MPHelp.xml
		skinfiles\MultiQuickButton.xml = skinfiles\MultiQuickButton.xml
		skinfiles\MultiQuickButtonMacro.xml = skinfiles\MultiQuickButtonMacro.xml
		skinfiles\MultiQuickButtonScript.xml = skinfiles\MultiQuickButtonScript.xml
		skinfiles\Mute.xml = skinfiles\Mute.xml
		skinfiles\myChannelSelection.xml = skinfiles\myChannelSelection.xml
		skinfiles\myPacketManager.xml = skinfiles\myPacketManager.xml
		skinfiles\MyPluginManager.xml = skinfiles\MyPluginManager.xml
		skinfiles\myProviderSelection.xml = skinfiles\myProviderSelection.xml
		skinfiles\MyTubeHistoryScreen.xml = skinfiles\MyTubeHistoryScreen.xml
		skinfiles\MyTubePlayer.xml = skinfiles\MyTubePlayer.xml
		skinfiles\MyTubePlayerMainScreen.xml = skinfiles\MyTubePlayerMainScreen.xml
		skinfiles\MyTubeSettingsScreen.xml = skinfiles\MyTubeSettingsScreen.xml
		skinfiles\MyTubeSuggestionsListScreen.xml = skinfiles\MyTubeSuggestionsListScreen.xml
		skinfiles\MyTubeTasksScreen.xml = skinfiles\MyTubeTasksScreen.xml
		skinfiles\MyTubeVideoHelpScreen.xml = skinfiles\MyTubeVideoHelpScreen.xml
		skinfiles\MyTubeVideoInfoScreen.xml = skinfiles\MyTubeVideoInfoScreen.xml
		skinfiles\NetworkAdapterSelection.xml = skinfiles\NetworkAdapterSelection.xml
		skinfiles\NetworkAdapterTest.xml = skinfiles\NetworkAdapterTest.xml
		skinfiles\NetworkBrowser.xml = skinfiles\NetworkBrowser.xml
		skinfiles\NetworkWizard.xml = skinfiles\NetworkWizard.xml
		skinfiles\NimSelection.xml = skinfiles\NimSelection.xml
		skinfiles\NimSetup.xml = skinfiles\NimSetup.xml
		skinfiles\NTPManager.xml = skinfiles\NTPManager.xml
		skinfiles\NumberZap.xml = skinfiles\NumberZap.xml
		skinfiles\NumberZapWithName.xml = skinfiles\NumberZapWithName.xml
		skinfiles\NumericalTextInputHelpDialog.xml = skinfiles\NumericalTextInputHelpDialog.xml
		skinfiles\NumericalTextInputHelpDialogVKB.xml = skinfiles\NumericalTextInputHelpDialogVKB.xml
		skinfiles\OpenWebifConfig.xml = skinfiles\OpenWebifConfig.xml
		skinfiles\OscamButler.xml = skinfiles\OscamButler.xml
		skinfiles\output.xml = skinfiles\output.xml
		skinfiles\PanelPassword.xml = skinfiles\PanelPassword.xml
		skinfiles\parameters.xml = skinfiles\parameters.xml
		skinfiles\ParentalControlChangePin.xml = skinfiles\ParentalControlChangePin.xml
		skinfiles\ParentalControlEditor.xml = skinfiles\ParentalControlEditor.xml
		skinfiles\ParentalControlSetup.xml = skinfiles\ParentalControlSetup.xml
		skinfiles\Pic_Exif.xml = skinfiles\Pic_Exif.xml
		skinfiles\PiconManagerFolderScreen.xml = skinfiles\PiconManagerFolderScreen.xml
		skinfiles\PiconManagerScreen.xml = skinfiles\PiconManagerScreen.xml
		skinfiles\picshow.xml = skinfiles\picshow.xml
		skinfiles\PictureInPicture.xml = skinfiles\PictureInPicture.xml
		skinfiles\PinInput.xml = skinfiles\PinInput.xml
		skinfiles\PluginBrowser.xml = skinfiles\PluginBrowser.xml
		skinfiles\pm_conf.xml = skinfiles\pm_conf.xml
		skinfiles\PVRState.xml = skinfiles\PVRState.xml
		skinfiles\QuadPiPChannelSelection.xml = skinfiles\QuadPiPChannelSelection.xml
		skinfiles\QuadPipScreen.xml = skinfiles\QuadPipScreen.xml
		skinfiles\QuickButton.xml = skinfiles\QuickButton.xml
		skinfiles\QuickSubtitlesConfigMenu.xml = skinfiles\QuickSubtitlesConfigMenu.xml
		skinfiles\RadioInfoBar.xml = skinfiles\RadioInfoBar.xml
		skinfiles\RecordPathsSettings.xml = skinfiles\RecordPathsSettings.xml
		skinfiles\ReduceMenuConfig.xml = skinfiles\ReduceMenuConfig.xml
		skinfiles\RemoteControlCode.xml = skinfiles\RemoteControlCode.xml
		skinfiles\RemoteServicesSetupMenu.xml = skinfiles\RemoteServicesSetupMenu.xml
		skinfiles\RemoteTimerScreen.xml = skinfiles\RemoteTimerScreen.xml
		skinfiles\RemoteTimerSetup.xml = skinfiles\RemoteTimerSetup.xml
		skinfiles\SATIPClient.xml = skinfiles\SATIPClient.xml
		skinfiles\SATIPTuner.xml = skinfiles\SATIPTuner.xml
		skinfiles\ScanIP.xml = skinfiles\ScanIP.xml
		skinfiles\ScanSetup.xml = skinfiles\ScanSetup.xml
		skinfiles\ScanSimple.xml = skinfiles\ScanSimple.xml
		skinfiles\SecondInfoBar.xml = skinfiles\SecondInfoBar.xml
		skinfiles\SelectCountry.xml = skinfiles\SelectCountry.xml
		skinfiles\ServerEditor.xml = skinfiles\ServerEditor.xml
		skinfiles\ServiceInfo.xml = skinfiles\ServiceInfo.xml
		skinfiles\ServiceScan.xml = skinfiles\ServiceScan.xml
		skinfiles\ServiceScanMinimal.xml = skinfiles\ServiceScanMinimal.xml
		skinfiles\Setup.xml = skinfiles\Setup.xml
		skinfiles\ShootYourScreenConfig.xml = skinfiles\ShootYourScreenConfig.xml
		skinfiles\SimpleChannelSelection.xml = skinfiles\SimpleChannelSelection.xml
		skinfiles\SimpleList.xml = skinfiles\SimpleList.xml
		skinfiles\SimpleList_fonts.xml = skinfiles\SimpleList_fonts.xml
		skinfiles\SimpleList_parameters.xml = skinfiles\SimpleList_parameters.xml
		skinfiles\skin2HD.xml = skinfiles\skin2HD.xml
		skinfiles\SkinSelector.xml = skinfiles\SkinSelector.xml
		skinfiles\SleepTimerEdit.xml = skinfiles\SleepTimerEdit.xml
		skinfiles\SplitScreen.xml = skinfiles\SplitScreen.xml
		skinfiles\StalkerClient_ChannelSelection.xml = skinfiles\StalkerClient_ChannelSelection.xml
		skinfiles\StalkerClient_Player.xml = skinfiles\StalkerClient_Player.xml
		skinfiles\Standby.xml = skinfiles\Standby.xml
		skinfiles\StartWizard.xml = skinfiles\StartWizard.xml
		skinfiles\StreamingChannelFromServerScreen.xml = skinfiles\StreamingChannelFromServerScreen.xml
		skinfiles\SubtitleDisplay.xml = skinfiles\SubtitleDisplay.xml
		skinfiles\subtitles.xml = skinfiles\subtitles.xml
		skinfiles\TagEditor.xml = skinfiles\TagEditor.xml
		skinfiles\TaskListScreen.xml = skinfiles\TaskListScreen.xml
		skinfiles\TimeDateInput.xml = skinfiles\TimeDateInput.xml
		skinfiles\TimerEditList.xml = skinfiles\TimerEditList.xml
		skinfiles\TimerEntry.xml = skinfiles\TimerEntry.xml
		skinfiles\TimerLog.xml = skinfiles\TimerLog.xml
		skinfiles\TimerSanityConflict.xml = skinfiles\TimerSanityConflict.xml
		skinfiles\TimerSelection.xml = skinfiles\TimerSelection.xml
		skinfiles\TimeshiftState.xml = skinfiles\TimeshiftState.xml
		skinfiles\TranscodingSetup.xml = skinfiles\TranscodingSetup.xml
		skinfiles\TunerState.xml = skinfiles\TunerState.xml
		skinfiles\UI3DSetupScreen.xml = skinfiles\UI3DSetupScreen.xml
		skinfiles\UIPositionSetup.xml = skinfiles\UIPositionSetup.xml
		skinfiles\UnhandledKey.xml = skinfiles\UnhandledKey.xml
		skinfiles\UpdatePlugin.xml = skinfiles\UpdatePlugin.xml
		skinfiles\UserDialog.xml = skinfiles\UserDialog.xml
		skinfiles\UserManager.xml = skinfiles\UserManager.xml
		skinfiles\variables.xml = skinfiles\variables.xml
		skinfiles\vEditor.xml = skinfiles\vEditor.xml
		skinfiles\VerticalEPGView_FHD.xml = skinfiles\VerticalEPGView_FHD.xml
		skinfiles\VideoEnhancementPreview.xml = skinfiles\VideoEnhancementPreview.xml
		skinfiles\VideoEnhancementSetup.xml = skinfiles\VideoEnhancementSetup.xml
		skinfiles\VideoFinetune.xml = skinfiles\VideoFinetune.xml
		skinfiles\VideoWizard.xml = skinfiles\VideoWizard.xml
		skinfiles\VirtualKeyBoard.xml = skinfiles\VirtualKeyBoard.xml
		skinfiles\Volume.xml = skinfiles\Volume.xml
		skinfiles\VTIMainMenu.xml = skinfiles\VTIMainMenu.xml
		skinfiles\VTIPasswdScreen.xml = skinfiles\VTIPasswdScreen.xml
		skinfiles\VTIStatusListMenu.xml = skinfiles\VTIStatusListMenu.xml
		skinfiles\VTISubMenu.xml = skinfiles\VTISubMenu.xml
		skinfiles\VTiUpdateInfo.xml = skinfiles\VTiUpdateInfo.xml
		skinfiles\VuRcuOtaUpdate.xml = skinfiles\VuRcuOtaUpdate.xml
		skinfiles\windowstyle.xml = skinfiles\windowstyle.xml
		skinfiles\windowstyle_1.xml = skinfiles\windowstyle_1.xml
		skinfiles\WlanConfig.xml = skinfiles\WlanConfig.xml
		skinfiles\WlanScan.xml = skinfiles\WlanScan.xml
		skinfiles\WlanScanAp.xml = skinfiles\WlanScanAp.xml
		skinfiles\WlanSelection.xml = skinfiles\WlanSelection.xml
		skinfiles\WlanSetup.xml = skinfiles\WlanSetup.xml
		skinfiles\Wlanstatus.xml = skinfiles\Wlanstatus.xml
		skinfiles\WOLSetup.xml = skinfiles\WOLSetup.xml
		skinfiles\YoutubeTVSettings.xml = skinfiles\YoutubeTVSettings.xml
		skinfiles\YoutubeTVWindow.xml = skinfiles\YoutubeTVWindow.xml
		skinfiles\ZappingModeSelection.xml = skinfiles\ZappingModeSelection.xml
	EndProjectSection
EndProject
Project("{2150E333-8FDC-42A3-9474-1A3956D46DE8}") = "lib", "lib", "{FE49F274-7647-4D47-9ED2-763D3C4CAF3E}"
EndProject
Project("{2150E333-8FDC-42A3-9474-1A3956D46DE8}") = "Components", "Components", "{9C874FC9-CE3F-4A2E-A201-4B6254C6D214}"
EndProject
Project("{2150E333-8FDC-42A3-9474-1A3956D46DE8}") = "Converter", "Converter", "{0C802B7A-5DF5-48F9-8A6B-47615D06FF3D}"
	ProjectSection(SolutionItems) = preProject
		lib\Components\Converter\ScroungerCompareBoolean.py = lib\Components\Converter\ScroungerCompareBoolean.py
		lib\Components\Converter\ScroungerCompareString.py = lib\Components\Converter\ScroungerCompareString.py
		lib\Components\Converter\ScroungerCpuUsage.py = lib\Components\Converter\ScroungerCpuUsage.py
		lib\Components\Converter\ScroungerEventExtractor.py = lib\Components\Converter\ScroungerEventExtractor.py
		lib\Components\Converter\ScroungerExtEventEPG.py = lib\Components\Converter\ScroungerExtEventEPG.py
		lib\Components\Converter\ScroungerExtEventName.py = lib\Components\Converter\ScroungerExtEventName.py
		lib\Components\Converter\ScroungerExtraEventData.py = lib\Components\Converter\ScroungerExtraEventData.py
		lib\Components\Converter\ScroungerMenuEntryID.py = lib\Components\Converter\ScroungerMenuEntryID.py
		lib\Components\Converter\ScroungerResolutionIcon.py = lib\Components\Converter\ScroungerResolutionIcon.py
		lib\Components\Converter\ScroungerServiceInfoEx.py = lib\Components\Converter\ScroungerServiceInfoEx.py
		lib\Components\Converter\ScroungerTempFanInfo.py = lib\Components\Converter\ScroungerTempFanInfo.py
	EndProjectSection
EndProject
Project("{2150E333-8FDC-42A3-9474-1A3956D46DE8}") = "Renderer", "Renderer", "{6DEDD33A-C54B-4C08-A5E7-CBC96CD5B5D2}"
	ProjectSection(SolutionItems) = preProject
		lib\Components\Renderer\ScroungerCover.py = lib\Components\Renderer\ScroungerCover.py
		lib\Components\Renderer\ScroungerEventImage.py = lib\Components\Renderer\ScroungerEventImage.py
		lib\Components\Renderer\ScroungerIcon.py = lib\Components\Renderer\ScroungerIcon.py
	EndProjectSection
EndProject
Project("{9A19103F-16F7-4668-BE54-9A1E7A4F7556}") = "Settings", "tools\Settings\Settings.csproj", "{3A9E2BB8-4BAC-4410-BF26-ED156AE5F772}"
EndProject
Project("{2150E333-8FDC-42A3-9474-1A3956D46DE8}") = "Tools", "Tools", "{EA8EADFE-01E3-4538-9BCD-24F25340870F}"
	ProjectSection(SolutionItems) = preProject
		lib\Tools\ScroungerExtraData.py = lib\Tools\ScroungerExtraData.py
	EndProjectSection
EndProject
Global
	GlobalSection(SolutionConfigurationPlatforms) = preSolution
		Debug|Any CPU = Debug|Any CPU
		Release|Any CPU = Release|Any CPU
	EndGlobalSection
	GlobalSection(ProjectConfigurationPlatforms) = postSolution
		{B1C7C4FF-1AD8-4019-A1EA-052589F986C5}.Debug|Any CPU.ActiveCfg = Debug|Any CPU
		{B1C7C4FF-1AD8-4019-A1EA-052589F986C5}.Debug|Any CPU.Build.0 = Debug|Any CPU
		{B1C7C4FF-1AD8-4019-A1EA-052589F986C5}.Release|Any CPU.ActiveCfg = Release|Any CPU
		{B1C7C4FF-1AD8-4019-A1EA-052589F986C5}.Release|Any CPU.Build.0 = Release|Any CPU
		{A4FDF022-A82E-492C-B592-0C9BCBEB6BFF}.Debug|Any CPU.ActiveCfg = Debug|Any CPU
		{A4FDF022-A82E-492C-B592-0C9BCBEB6BFF}.Debug|Any CPU.Build.0 = Debug|Any CPU
		{A4FDF022-A82E-492C-B592-0C9BCBEB6BFF}.Release|Any CPU.ActiveCfg = Release|Any CPU
		{A4FDF022-A82E-492C-B592-0C9BCBEB6BFF}.Release|Any CPU.Build.0 = Release|Any CPU
		{98F486F2-C934-4690-BC8E-CF6905B8E8D2}.Debug|Any CPU.ActiveCfg = Debug|Any CPU
		{98F486F2-C934-4690-BC8E-CF6905B8E8D2}.Debug|Any CPU.Build.0 = Debug|Any CPU
		{98F486F2-C934-4690-BC8E-CF6905B8E8D2}.Release|Any CPU.ActiveCfg = Release|Any CPU
		{98F486F2-C934-4690-BC8E-CF6905B8E8D2}.Release|Any CPU.Build.0 = Release|Any CPU
		{1B397A95-3FA1-44F4-80D3-16C92349BEC4}.Debug|Any CPU.ActiveCfg = Debug|Any CPU
		{1B397A95-3FA1-44F4-80D3-16C92349BEC4}.Debug|Any CPU.Build.0 = Debug|Any CPU
		{1B397A95-3FA1-44F4-80D3-16C92349BEC4}.Release|Any CPU.ActiveCfg = Release|Any CPU
		{1B397A95-3FA1-44F4-80D3-16C92349BEC4}.Release|Any CPU.Build.0 = Release|Any CPU
		{9916E4DA-3360-4251-AEBC-96AFAAD3AAC5}.Debug|Any CPU.ActiveCfg = Debug|Any CPU
		{9916E4DA-3360-4251-AEBC-96AFAAD3AAC5}.Debug|Any CPU.Build.0 = Debug|Any CPU
		{9916E4DA-3360-4251-AEBC-96AFAAD3AAC5}.Release|Any CPU.ActiveCfg = Release|Any CPU
		{9916E4DA-3360-4251-AEBC-96AFAAD3AAC5}.Release|Any CPU.Build.0 = Release|Any CPU
		{3A9E2BB8-4BAC-4410-BF26-ED156AE5F772}.Debug|Any CPU.ActiveCfg = Debug|Any CPU
		{3A9E2BB8-4BAC-4410-BF26-ED156AE5F772}.Debug|Any CPU.Build.0 = Debug|Any CPU
		{3A9E2BB8-4BAC-4410-BF26-ED156AE5F772}.Release|Any CPU.ActiveCfg = Release|Any CPU
		{3A9E2BB8-4BAC-4410-BF26-ED156AE5F772}.Release|Any CPU.Build.0 = Release|Any CPU
	EndGlobalSection
	GlobalSection(SolutionProperties) = preSolution
		HideSolutionNode = FALSE
	EndGlobalSection
	GlobalSection(NestedProjects) = preSolution
		{B1C7C4FF-1AD8-4019-A1EA-052589F986C5} = {E9F4C52D-3853-4E8D-A98C-0F53E897EB3D}
		{A4FDF022-A82E-492C-B592-0C9BCBEB6BFF} = {E9F4C52D-3853-4E8D-A98C-0F53E897EB3D}
		{98F486F2-C934-4690-BC8E-CF6905B8E8D2} = {E9F4C52D-3853-4E8D-A98C-0F53E897EB3D}
		{1B397A95-3FA1-44F4-80D3-16C92349BEC4} = {E9F4C52D-3853-4E8D-A98C-0F53E897EB3D}
		{9916E4DA-3360-4251-AEBC-96AFAAD3AAC5} = {E9F4C52D-3853-4E8D-A98C-0F53E897EB3D}
		{9C874FC9-CE3F-4A2E-A201-4B6254C6D214} = {FE49F274-7647-4D47-9ED2-763D3C4CAF3E}
		{0C802B7A-5DF5-48F9-8A6B-47615D06FF3D} = {9C874FC9-CE3F-4A2E-A201-4B6254C6D214}
		{6DEDD33A-C54B-4C08-A5E7-CBC96CD5B5D2} = {9C874FC9-CE3F-4A2E-A201-4B6254C6D214}
		{3A9E2BB8-4BAC-4410-BF26-ED156AE5F772} = {E9F4C52D-3853-4E8D-A98C-0F53E897EB3D}
		{EA8EADFE-01E3-4538-9BCD-24F25340870F} = {FE49F274-7647-4D47-9ED2-763D3C4CAF3E}
	EndGlobalSection
	GlobalSection(ExtensibilityGlobals) = postSolution
		SolutionGuid = {15F85B7A-D1BC-4A05-9F4A-8F200A467742}
	EndGlobalSection
EndGlobal
