
Microsoft Visual Studio Solution File, Format Version 12.00
# Visual Studio 15
VisualStudioVersion = 15.0.28307.106
MinimumVisualStudioVersion = 10.0.40219.1
Project("{2150E333-8FDC-42A3-9474-1A3956D46DE8}") = "tools", "tools", "{E9F4C52D-3853-4E8D-A98C-0F53E897EB3D}"
EndProject
Project("{FAE04EC0-301F-11D3-BF4B-00C04F79EFBC}") = "Builder", "tools\Builder\Builder.csproj", "{B1C7C4FF-1AD8-4019-A1EA-052589F986C5}"
	ProjectSection(ProjectDependencies) = postProject
		{1B397A95-3FA1-44F4-80D3-16C92349BEC4} = {1B397A95-3FA1-44F4-80D3-16C92349BEC4}
	EndProjectSection
EndProject
Project("{FAE04EC0-301F-11D3-BF4B-00C04F79EFBC}") = "Extractor", "tools\Extractor\Extractor.csproj", "{A4FDF022-A82E-492C-B592-0C9BCBEB6BFF}"
	ProjectSection(ProjectDependencies) = postProject
		{B92199E0-4B41-4131-98BA-A8E53351BD6D} = {B92199E0-4B41-4131-98BA-A8E53351BD6D}
	EndProjectSection
EndProject
Project("{FAE04EC0-301F-11D3-BF4B-00C04F79EFBC}") = "ImageFinder", "tools\ImageFinder\ImageFinder.csproj", "{98F486F2-C934-4690-BC8E-CF6905B8E8D2}"
	ProjectSection(ProjectDependencies) = postProject
		{B92199E0-4B41-4131-98BA-A8E53351BD6D} = {B92199E0-4B41-4131-98BA-A8E53351BD6D}
	EndProjectSection
EndProject
Project("{FAE04EC0-301F-11D3-BF4B-00C04F79EFBC}") = "Merger", "tools\Merger\Merger.csproj", "{1B397A95-3FA1-44F4-80D3-16C92349BEC4}"
	ProjectSection(ProjectDependencies) = postProject
		{B92199E0-4B41-4131-98BA-A8E53351BD6D} = {B92199E0-4B41-4131-98BA-A8E53351BD6D}
	EndProjectSection
EndProject
Project("{FAE04EC0-301F-11D3-BF4B-00C04F79EFBC}") = "ScreenName", "tools\ScreenName\ScreenName.csproj", "{9916E4DA-3360-4251-AEBC-96AFAAD3AAC5}"
	ProjectSection(ProjectDependencies) = postProject
		{B92199E0-4B41-4131-98BA-A8E53351BD6D} = {B92199E0-4B41-4131-98BA-A8E53351BD6D}
	EndProjectSection
EndProject
Project("{2150E333-8FDC-42A3-9474-1A3956D46DE8}") = "lib", "lib", "{FE49F274-7647-4D47-9ED2-763D3C4CAF3E}"
EndProject
Project("{2150E333-8FDC-42A3-9474-1A3956D46DE8}") = "Components", "Components", "{9C874FC9-CE3F-4A2E-A201-4B6254C6D214}"
EndProject
Project("{2150E333-8FDC-42A3-9474-1A3956D46DE8}") = "Converter", "Converter", "{0C802B7A-5DF5-48F9-8A6B-47615D06FF3D}"
	ProjectSection(SolutionItems) = preProject
		lib\Components\Converter\MetrixReloadedCompareBoolean.py = lib\Components\Converter\MetrixReloadedCompareBoolean.py
		lib\Components\Converter\MetrixReloadedCompareString.py = lib\Components\Converter\MetrixReloadedCompareString.py
		lib\Components\Converter\MetrixReloadedCpuUsage.py = lib\Components\Converter\MetrixReloadedCpuUsage.py
		lib\Components\Converter\MetrixReloadedExtEventEPG.py = lib\Components\Converter\MetrixReloadedExtEventEPG.py
		lib\Components\Converter\MetrixReloadedMenuEntryID.py = lib\Components\Converter\MetrixReloadedMenuEntryID.py
		lib\Components\Converter\MetrixReloadedMenuEntryLabel.py = lib\Components\Converter\MetrixReloadedMenuEntryLabel.py
		lib\Components\Converter\MetrixReloadedResolutionIcon.py = lib\Components\Converter\MetrixReloadedResolutionIcon.py
		lib\Components\Converter\MetrixReloadedServiceInfoEx.py = lib\Components\Converter\MetrixReloadedServiceInfoEx.py
		lib\Components\Converter\MetrixReloadedTempFanInfo.py = lib\Components\Converter\MetrixReloadedTempFanInfo.py
		lib\Components\Converter\MetrixReloadedVersion.py = lib\Components\Converter\MetrixReloadedVersion.py
	EndProjectSection
EndProject
Project("{2150E333-8FDC-42A3-9474-1A3956D46DE8}") = "Renderer", "Renderer", "{6DEDD33A-C54B-4C08-A5E7-CBC96CD5B5D2}"
	ProjectSection(SolutionItems) = preProject
		lib\Components\Renderer\MetrixReloadedCover.py = lib\Components\Renderer\MetrixReloadedCover.py
		lib\Components\Renderer\MetrixReloadedEventImage.py = lib\Components\Renderer\MetrixReloadedEventImage.py
		lib\Components\Renderer\MetrixReloadedIcon.py = lib\Components\Renderer\MetrixReloadedIcon.py
	EndProjectSection
EndProject
Project("{2150E333-8FDC-42A3-9474-1A3956D46DE8}") = "Tools", "Tools", "{EA8EADFE-01E3-4538-9BCD-24F25340870F}"
	ProjectSection(SolutionItems) = preProject
		lib\Tools\MetrixReloadedHelper.py = lib\Tools\MetrixReloadedHelper.py
	EndProjectSection
EndProject
Project("{2150E333-8FDC-42A3-9474-1A3956D46DE8}") = "screenFiles", "screenFiles", "{AFBFEEF0-2978-44A5-9315-EAC2AAF2771D}"
	ProjectSection(SolutionItems) = preProject
		screenFiles\About.xml = screenFiles\About.xml
		screenFiles\AdapterSetup.xml = screenFiles\AdapterSetup.xml
		screenFiles\AdapterSetupConfiguration.xml = screenFiles\AdapterSetupConfiguration.xml
		screenFiles\addExe.xml = screenFiles\addExe.xml
		screenFiles\addJob.xml = screenFiles\addJob.xml
		screenFiles\AllNews.xml = screenFiles\AllNews.xml
		screenFiles\AnimationSetupConfig.xml = screenFiles\AnimationSetupConfig.xml
		screenFiles\AnimationSetupScreen.xml = screenFiles\AnimationSetupScreen.xml
		screenFiles\AtileHD_About.xml = screenFiles\AtileHD_About.xml
		screenFiles\AtileHD_Config.xml = screenFiles\AtileHD_Config.xml
		screenFiles\AtileHDScreens.xml = screenFiles\AtileHDScreens.xml
		screenFiles\AudioSelection.xml = screenFiles\AudioSelection.xml
		screenFiles\AudioZap.xml = screenFiles\AudioZap.xml
		screenFiles\AutoMountEdit.xml = screenFiles\AutoMountEdit.xml
		screenFiles\AutoMountManager.xml = screenFiles\AutoMountManager.xml
		screenFiles\AutoMountView.xml = screenFiles\AutoMountView.xml
		screenFiles\AutoShutDownConfiguration.xml = screenFiles\AutoShutDownConfiguration.xml
		screenFiles\AutoTimerEditor.xml = screenFiles\AutoTimerEditor.xml
		screenFiles\AutoTimerFilterEditor.xml = screenFiles\AutoTimerFilterEditor.xml
		screenFiles\AutoTimerImporter.xml = screenFiles\AutoTimerImporter.xml
		screenFiles\AutoTimerOverview.xml = screenFiles\AutoTimerOverview.xml
		screenFiles\AutoTimerPreview.xml = screenFiles\AutoTimerPreview.xml
		screenFiles\AutoTimerServiceEditor.xml = screenFiles\AutoTimerServiceEditor.xml
		screenFiles\AutoTimerSettings.xml = screenFiles\AutoTimerSettings.xml
		screenFiles\BackupSelection.xml = screenFiles\BackupSelection.xml
		screenFiles\BackupSuite.xml = screenFiles\BackupSuite.xml
		screenFiles\BackupSuiteRestore.xml = screenFiles\BackupSuiteRestore.xml
		screenFiles\BitrateViewer.xml = screenFiles\BitrateViewer.xml
		screenFiles\Blindscan.xml = screenFiles\Blindscan.xml
		screenFiles\BluetoothDiscoveryScreen.xml = screenFiles\BluetoothDiscoveryScreen.xml
		screenFiles\BluetoothRCUSetup.xml = screenFiles\BluetoothRCUSetup.xml
		screenFiles\BluetoothSetupConfig.xml = screenFiles\BluetoothSetupConfig.xml
		screenFiles\BluetoothSetupScreen.xml = screenFiles\BluetoothSetupScreen.xml
		screenFiles\BouquetSelector.xml = screenFiles\BouquetSelector.xml
		screenFiles\CableScanStatus.xml = screenFiles\CableScanStatus.xml
		screenFiles\CAidSelect.xml = screenFiles\CAidSelect.xml
		screenFiles\CamSelectMenu.xml = screenFiles\CamSelectMenu.xml
		screenFiles\ChannelContextMenu.xml = screenFiles\ChannelContextMenu.xml
		screenFiles\ChannelSelection.xml = screenFiles\ChannelSelection.xml
		screenFiles\ChannelSelection_parameters.xml = screenFiles\ChannelSelection_parameters.xml
		screenFiles\ChannelSelectionHorizontal.xml = screenFiles\ChannelSelectionHorizontal.xml
		screenFiles\ChannelSelectionHorizontal_parameters.xml = screenFiles\ChannelSelectionHorizontal_parameters.xml
		screenFiles\ChannelSelectionRadio.xml = screenFiles\ChannelSelectionRadio.xml
		screenFiles\ChoiceBox.xml = screenFiles\ChoiceBox.xml
		screenFiles\ChoiceBox_parameters.xml = screenFiles\ChoiceBox_parameters.xml
		screenFiles\ChromiumOSSettings.xml = screenFiles\ChromiumOSSettings.xml
		screenFiles\ChromiumOSWindow.xml = screenFiles\ChromiumOSWindow.xml
		screenFiles\CIconfigMenu.xml = screenFiles\CIconfigMenu.xml
		screenFiles\CiSelection.xml = screenFiles\CiSelection.xml
		screenFiles\CIselectMainMenu.xml = screenFiles\CIselectMainMenu.xml
		screenFiles\colors.xml = screenFiles\colors.xml
		screenFiles\Console.xml = screenFiles\Console.xml
		screenFiles\constant-widgets.xml = screenFiles\constant-widgets.xml
		screenFiles\CoverFindAll.xml = screenFiles\CoverFindAll.xml
		screenFiles\CoverFindConfigScreen.xml = screenFiles\CoverFindConfigScreen.xml
		screenFiles\CoverFindFile.xml = screenFiles\CoverFindFile.xml
		screenFiles\CoverFindScreen.xml = screenFiles\CoverFindScreen.xml
		screenFiles\CreateQuadPipChannelEntry.xml = screenFiles\CreateQuadPipChannelEntry.xml
		screenFiles\CronManager.xml = screenFiles\CronManager.xml
		screenFiles\CronManagerFile.xml = screenFiles\CronManagerFile.xml
		screenFiles\CutListEditor.xml = screenFiles\CutListEditor.xml
		screenFiles\DefaultSatLists.xml = screenFiles\DefaultSatLists.xml
		screenFiles\DefaultWizard.xml = screenFiles\DefaultWizard.xml
		screenFiles\DeviceManager2.xml = screenFiles\DeviceManager2.xml
		screenFiles\DeviceManager2Message.xml = screenFiles\DeviceManager2Message.xml
		screenFiles\DriverManagerDownload.xml = screenFiles\DriverManagerDownload.xml
		screenFiles\DVB_EPG_blacklist_ChannelSelection.xml = screenFiles\DVB_EPG_blacklist_ChannelSelection.xml
		screenFiles\DVDPlayer.xml = screenFiles\DVDPlayer.xml
		screenFiles\easyCIconfigMenu.xml = screenFiles\easyCIconfigMenu.xml
		screenFiles\Edit_DVB_EPG_Blacklist.xml = screenFiles\Edit_DVB_EPG_Blacklist.xml
		screenFiles\EPGPanel.xml = screenFiles\EPGPanel.xml
		screenFiles\EPGSearch.xml = screenFiles\EPGSearch.xml
		screenFiles\EPGSearchSetup.xml = screenFiles\EPGSearchSetup.xml
		screenFiles\EPGSelection.xml = screenFiles\EPGSelection.xml
		screenFiles\EPGSelectionEPGBar_HD.xml = screenFiles\EPGSelectionEPGBar_HD.xml
		screenFiles\EPGSelectionMulti.xml = screenFiles\EPGSelectionMulti.xml
		screenFiles\EventView.xml = screenFiles\EventView.xml
		screenFiles\ExeManager.xml = screenFiles\ExeManager.xml
		screenFiles\ExeManagerFile.xml = screenFiles\ExeManagerFile.xml
		screenFiles\FastScanScreen.xml = screenFiles\FastScanScreen.xml
		screenFiles\FastScanStatus.xml = screenFiles\FastScanStatus.xml
		screenFiles\FCCSetup.xml = screenFiles\FCCSetup.xml
		screenFiles\FileBrowser.xml = screenFiles\FileBrowser.xml
		screenFiles\FilebrowserConfigScreenVTi.xml = screenFiles\FilebrowserConfigScreenVTi.xml
		screenFiles\FilebrowserVTi_hor.xml = screenFiles\FilebrowserVTi_hor.xml
		screenFiles\FileBrowserVTi_parameters.xml = screenFiles\FileBrowserVTi_parameters.xml
		screenFiles\FilebrowserVTi_unpack.xml = screenFiles\FilebrowserVTi_unpack.xml
		screenFiles\FilebrowserVTi_unpack_info.xml = screenFiles\FilebrowserVTi_unpack_info.xml
		screenFiles\FilebrowserVTi_ver.xml = screenFiles\FilebrowserVTi_ver.xml
		screenFiles\FileDirBrowser.xml = screenFiles\FileDirBrowser.xml
		screenFiles\fonts.xml = screenFiles\fonts.xml
		screenFiles\GraphMultiEPG.xml = screenFiles\GraphMultiEPG.xml
		screenFiles\GraphMultiEPG1.xml = screenFiles\GraphMultiEPG1.xml
		screenFiles\GraphMultiEPG2.xml = screenFiles\GraphMultiEPG2.xml
		screenFiles\GraphMultiEPG3.xml = screenFiles\GraphMultiEPG3.xml
		screenFiles\GraphMultiEPG_colors.xml = screenFiles\GraphMultiEPG_colors.xml
		screenFiles\GraphMultiEPG_parameters.xml = screenFiles\GraphMultiEPG_parameters.xml
		screenFiles\HarddiskSelection.xml = screenFiles\HarddiskSelection.xml
		screenFiles\HdmiCecPlugin.xml = screenFiles\HdmiCecPlugin.xml
		screenFiles\HelpMenu.xml = screenFiles\HelpMenu.xml
		screenFiles\InfoBar.xml = screenFiles\InfoBar.xml
		screenFiles\InfoBarZapHistory.xml = screenFiles\InfoBarZapHistory.xml
		screenFiles\InfoPanel.xml = screenFiles\InfoPanel.xml
		screenFiles\InputBox.xml = screenFiles\InputBox.xml
		screenFiles\InputBoxmod.xml = screenFiles\InputBoxmod.xml
		screenFiles\InputMacroName.xml = screenFiles\InputMacroName.xml
		screenFiles\InputPanelPassword.xml = screenFiles\InputPanelPassword.xml
		screenFiles\Ipkg.xml = screenFiles\Ipkg.xml
		screenFiles\JobView.xml = screenFiles\JobView.xml
		screenFiles\LanguageSelection.xml = screenFiles\LanguageSelection.xml
		screenFiles\LanguageWizard.xml = screenFiles\LanguageWizard.xml
		screenFiles\LCDdisplayConfig.xml = screenFiles\LCDdisplayConfig.xml
		screenFiles\LiveStreamingLinks.xml = screenFiles\LiveStreamingLinks.xml
		screenFiles\LiveStreamingLinksHeader.xml = screenFiles\LiveStreamingLinksHeader.xml
		screenFiles\LocationBox.xml = screenFiles\LocationBox.xml
		screenFiles\MediaPlayer.xml = screenFiles\MediaPlayer.xml
		screenFiles\Menu.xml = screenFiles\Menu.xml
		screenFiles\menu_information.xml = screenFiles\menu_information.xml
		screenFiles\menu_mainmenu.xml = screenFiles\menu_mainmenu.xml
		screenFiles\menu_scan.xml = screenFiles\menu_scan.xml
		screenFiles\menu_setup.xml = screenFiles\menu_setup.xml
		screenFiles\menu_shutdown.xml = screenFiles\menu_shutdown.xml
		screenFiles\menu_system.xml = screenFiles\menu_system.xml
		screenFiles\menu_tasklist.xml = screenFiles\menu_tasklist.xml
		screenFiles\MessageBox.xml = screenFiles\MessageBox.xml
		screenFiles\MessageBoxConfirmCode.xml = screenFiles\MessageBoxConfirmCode.xml
		screenFiles\MetrixReloadedSetup.xml = screenFiles\MetrixReloadedSetup.xml
		screenFiles\MinuteInput.xml = screenFiles\MinuteInput.xml
		screenFiles\MMIDialog.xml = screenFiles\MMIDialog.xml
		screenFiles\modifyExe.xml = screenFiles\modifyExe.xml
		screenFiles\modifyJob.xml = screenFiles\modifyJob.xml
		screenFiles\MovieContextMenu.xml = screenFiles\MovieContextMenu.xml
		screenFiles\MoviePlayer.xml = screenFiles\MoviePlayer.xml
		screenFiles\MovieSelection.xml = screenFiles\MovieSelection.xml
		screenFiles\MovieSelection_fonts.xml = screenFiles\MovieSelection_fonts.xml
		screenFiles\MovieSelection_parameters.xml = screenFiles\MovieSelection_parameters.xml
		screenFiles\MPHelp.xml = screenFiles\MPHelp.xml
		screenFiles\MultiQuickButton.xml = screenFiles\MultiQuickButton.xml
		screenFiles\MultiQuickButtonMacro.xml = screenFiles\MultiQuickButtonMacro.xml
		screenFiles\MultiQuickButtonScript.xml = screenFiles\MultiQuickButtonScript.xml
		screenFiles\Mute.xml = screenFiles\Mute.xml
		screenFiles\myChannelSelection.xml = screenFiles\myChannelSelection.xml
		screenFiles\myPacketManager.xml = screenFiles\myPacketManager.xml
		screenFiles\MyPluginManager.xml = screenFiles\MyPluginManager.xml
		screenFiles\myProviderSelection.xml = screenFiles\myProviderSelection.xml
		screenFiles\MyTubeHistoryScreen.xml = screenFiles\MyTubeHistoryScreen.xml
		screenFiles\MyTubePlayer.xml = screenFiles\MyTubePlayer.xml
		screenFiles\MyTubePlayerMainScreen.xml = screenFiles\MyTubePlayerMainScreen.xml
		screenFiles\MyTubeSettingsScreen.xml = screenFiles\MyTubeSettingsScreen.xml
		screenFiles\MyTubeSuggestionsListScreen.xml = screenFiles\MyTubeSuggestionsListScreen.xml
		screenFiles\MyTubeTasksScreen.xml = screenFiles\MyTubeTasksScreen.xml
		screenFiles\MyTubeVideoHelpScreen.xml = screenFiles\MyTubeVideoHelpScreen.xml
		screenFiles\MyTubeVideoInfoScreen.xml = screenFiles\MyTubeVideoInfoScreen.xml
		screenFiles\NetworkAdapterSelection.xml = screenFiles\NetworkAdapterSelection.xml
		screenFiles\NetworkAdapterTest.xml = screenFiles\NetworkAdapterTest.xml
		screenFiles\NetworkBrowser.xml = screenFiles\NetworkBrowser.xml
		screenFiles\NetworkWizard.xml = screenFiles\NetworkWizard.xml
		screenFiles\NimSelection.xml = screenFiles\NimSelection.xml
		screenFiles\NimSetup.xml = screenFiles\NimSetup.xml
		screenFiles\NTPManager.xml = screenFiles\NTPManager.xml
		screenFiles\NumberZap.xml = screenFiles\NumberZap.xml
		screenFiles\NumberZapWithName.xml = screenFiles\NumberZapWithName.xml
		screenFiles\NumericalTextInputHelpDialog.xml = screenFiles\NumericalTextInputHelpDialog.xml
		screenFiles\NumericalTextInputHelpDialogVKB.xml = screenFiles\NumericalTextInputHelpDialogVKB.xml
		screenFiles\OpenWebifConfig.xml = screenFiles\OpenWebifConfig.xml
		screenFiles\OscamButler.xml = screenFiles\OscamButler.xml
		screenFiles\output.xml = screenFiles\output.xml
		screenFiles\PanelPassword.xml = screenFiles\PanelPassword.xml
		screenFiles\Panels.xml = screenFiles\Panels.xml
		screenFiles\parameters.xml = screenFiles\parameters.xml
		screenFiles\ParentalControlChangePin.xml = screenFiles\ParentalControlChangePin.xml
		screenFiles\ParentalControlEditor.xml = screenFiles\ParentalControlEditor.xml
		screenFiles\ParentalControlSetup.xml = screenFiles\ParentalControlSetup.xml
		screenFiles\Pic_Exif.xml = screenFiles\Pic_Exif.xml
		screenFiles\PiconManager_parameters.xml = screenFiles\PiconManager_parameters.xml
		screenFiles\PiconManagerFolderScreen.xml = screenFiles\PiconManagerFolderScreen.xml
		screenFiles\PiconManagerScreen.xml = screenFiles\PiconManagerScreen.xml
		screenFiles\picshow.xml = screenFiles\picshow.xml
		screenFiles\PictureInPicture.xml = screenFiles\PictureInPicture.xml
		screenFiles\PinInput.xml = screenFiles\PinInput.xml
		screenFiles\PluginBrowser.xml = screenFiles\PluginBrowser.xml
		screenFiles\pm_conf.xml = screenFiles\pm_conf.xml
		screenFiles\PVRState.xml = screenFiles\PVRState.xml
		screenFiles\QuadPiPChannelSelection.xml = screenFiles\QuadPiPChannelSelection.xml
		screenFiles\QuadPipScreen.xml = screenFiles\QuadPipScreen.xml
		screenFiles\QuickButton.xml = screenFiles\QuickButton.xml
		screenFiles\QuickSubtitlesConfigMenu.xml = screenFiles\QuickSubtitlesConfigMenu.xml
		screenFiles\RadioInfoBar.xml = screenFiles\RadioInfoBar.xml
		screenFiles\RdsInfoDisplay.xml = screenFiles\RdsInfoDisplay.xml
		screenFiles\RecordPathsSettings.xml = screenFiles\RecordPathsSettings.xml
		screenFiles\ReduceMenuConfig.xml = screenFiles\ReduceMenuConfig.xml
		screenFiles\RemoteControlCode.xml = screenFiles\RemoteControlCode.xml
		screenFiles\RemoteServicesSetupMenu.xml = screenFiles\RemoteServicesSetupMenu.xml
		screenFiles\RemoteTimerScreen.xml = screenFiles\RemoteTimerScreen.xml
		screenFiles\RemoteTimerSetup.xml = screenFiles\RemoteTimerSetup.xml
		screenFiles\ResolutionLabel.xml = screenFiles\ResolutionLabel.xml
		screenFiles\SATIPClient.xml = screenFiles\SATIPClient.xml
		screenFiles\SATIPTuner.xml = screenFiles\SATIPTuner.xml
		screenFiles\ScanIP.xml = screenFiles\ScanIP.xml
		screenFiles\ScanSetup.xml = screenFiles\ScanSetup.xml
		screenFiles\ScanSimple.xml = screenFiles\ScanSimple.xml
		screenFiles\SecondInfoBar.xml = screenFiles\SecondInfoBar.xml
		screenFiles\SelectCountry.xml = screenFiles\SelectCountry.xml
		screenFiles\ServerEditor.xml = screenFiles\ServerEditor.xml
		screenFiles\ServiceInfo.xml = screenFiles\ServiceInfo.xml
		screenFiles\ServiceScan.xml = screenFiles\ServiceScan.xml
		screenFiles\ServiceScanMinimal.xml = screenFiles\ServiceScanMinimal.xml
		screenFiles\Setup.xml = screenFiles\Setup.xml
		screenFiles\ShootYourScreenConfig.xml = screenFiles\ShootYourScreenConfig.xml
		screenFiles\SimpleChannelSelection.xml = screenFiles\SimpleChannelSelection.xml
		screenFiles\SimpleList.xml = screenFiles\SimpleList.xml
		screenFiles\SimpleList_fonts.xml = screenFiles\SimpleList_fonts.xml
		screenFiles\SimpleList_parameters.xml = screenFiles\SimpleList_parameters.xml
		screenFiles\skin2HD.xml = screenFiles\skin2HD.xml
		screenFiles\SkinSelector.xml = screenFiles\SkinSelector.xml
		screenFiles\SleepTimerEdit.xml = screenFiles\SleepTimerEdit.xml
		screenFiles\SplitScreen.xml = screenFiles\SplitScreen.xml
		screenFiles\StalkerClient_ChannelSelection.xml = screenFiles\StalkerClient_ChannelSelection.xml
		screenFiles\StalkerClient_Player.xml = screenFiles\StalkerClient_Player.xml
		screenFiles\Standby.xml = screenFiles\Standby.xml
		screenFiles\StartWizard.xml = screenFiles\StartWizard.xml
		screenFiles\StreamingChannelFromServerScreen.xml = screenFiles\StreamingChannelFromServerScreen.xml
		screenFiles\SubtitleDisplay.xml = screenFiles\SubtitleDisplay.xml
		screenFiles\subtitles.xml = screenFiles\subtitles.xml
		screenFiles\TagEditor.xml = screenFiles\TagEditor.xml
		screenFiles\TaskListScreen.xml = screenFiles\TaskListScreen.xml
		screenFiles\TimeDateInput.xml = screenFiles\TimeDateInput.xml
		screenFiles\TimerEditList.xml = screenFiles\TimerEditList.xml
		screenFiles\TimerEditList_parameters.xml = screenFiles\TimerEditList_parameters.xml
		screenFiles\TimerEntry.xml = screenFiles\TimerEntry.xml
		screenFiles\TimerLog.xml = screenFiles\TimerLog.xml
		screenFiles\TimerSanityConflict.xml = screenFiles\TimerSanityConflict.xml
		screenFiles\TimerSelection.xml = screenFiles\TimerSelection.xml
		screenFiles\TimeshiftState.xml = screenFiles\TimeshiftState.xml
		screenFiles\TranscodingSetup.xml = screenFiles\TranscodingSetup.xml
		screenFiles\TunerState.xml = screenFiles\TunerState.xml
		screenFiles\UI3DSetupScreen.xml = screenFiles\UI3DSetupScreen.xml
		screenFiles\UIPositionSetup.xml = screenFiles\UIPositionSetup.xml
		screenFiles\UnhandledKey.xml = screenFiles\UnhandledKey.xml
		screenFiles\UpdatePlugin.xml = screenFiles\UpdatePlugin.xml
		screenFiles\UserDialog.xml = screenFiles\UserDialog.xml
		screenFiles\UserManager.xml = screenFiles\UserManager.xml
		screenFiles\variables.xml = screenFiles\variables.xml
		screenFiles\vEditor.xml = screenFiles\vEditor.xml
		screenFiles\VerticalEPGView_FHD.xml = screenFiles\VerticalEPGView_FHD.xml
		screenFiles\VerticalEPGView_FHD_parameters.xml = screenFiles\VerticalEPGView_FHD_parameters.xml
		screenFiles\VideoEnhancementPreview.xml = screenFiles\VideoEnhancementPreview.xml
		screenFiles\VideoEnhancementSetup.xml = screenFiles\VideoEnhancementSetup.xml
		screenFiles\VideoFinetune.xml = screenFiles\VideoFinetune.xml
		screenFiles\VideoWizard.xml = screenFiles\VideoWizard.xml
		screenFiles\VirtualKeyBoard.xml = screenFiles\VirtualKeyBoard.xml
		screenFiles\VMC5_ContentDetails_Actor.xml = screenFiles\VMC5_ContentDetails_Actor.xml
		screenFiles\VMC5_ContentDetails_Artist.xml = screenFiles\VMC5_ContentDetails_Artist.xml
		screenFiles\VMC5_ContentDetails_Episode.xml = screenFiles\VMC5_ContentDetails_Episode.xml
		screenFiles\VMC5_ContentDetails_Movie.xml = screenFiles\VMC5_ContentDetails_Movie.xml
		screenFiles\VMC5_ContentDetails_MovieCollection.xml = screenFiles\VMC5_ContentDetails_MovieCollection.xml
		screenFiles\VMC5_ContentDetails_MusicAlbum.xml = screenFiles\VMC5_ContentDetails_MusicAlbum.xml
		screenFiles\VMC5_ContentDetails_Season.xml = screenFiles\VMC5_ContentDetails_Season.xml
		screenFiles\VMC5_ContentDetails_TVShow.xml = screenFiles\VMC5_ContentDetails_TVShow.xml
		screenFiles\VMC5_ContentMenu.xml = screenFiles\VMC5_ContentMenu.xml
		screenFiles\VMC5_ContentMenu_NF.xml = screenFiles\VMC5_ContentMenu_NF.xml
		screenFiles\VMC5_ContentSpinner.xml = screenFiles\VMC5_ContentSpinner.xml
		screenFiles\VMC5_Keyboard.xml = screenFiles\VMC5_Keyboard.xml
		screenFiles\VMC5_Player.xml = screenFiles\VMC5_Player.xml
		screenFiles\VMC5_Player_new.xml = screenFiles\VMC5_Player_new.xml
		screenFiles\VMC5_PlayerSummary_4K.xml = screenFiles\VMC5_PlayerSummary_4K.xml
		screenFiles\VMC5_Profile.xml = screenFiles\VMC5_Profile.xml
		screenFiles\VMC5_PVRState.xml = screenFiles\VMC5_PVRState.xml
		screenFiles\VMC5_PVRState_new.xml = screenFiles\VMC5_PVRState_new.xml
		screenFiles\VMC5_SearchArt.xml = screenFiles\VMC5_SearchArt.xml
		screenFiles\Volume.xml = screenFiles\Volume.xml
		screenFiles\VTIMainMenu.xml = screenFiles\VTIMainMenu.xml
		screenFiles\VTIPasswdScreen.xml = screenFiles\VTIPasswdScreen.xml
		screenFiles\VTIStatusListMenu.xml = screenFiles\VTIStatusListMenu.xml
		screenFiles\VTISubMenu.xml = screenFiles\VTISubMenu.xml
		screenFiles\VTiUpdateInfo.xml = screenFiles\VTiUpdateInfo.xml
		screenFiles\VuRcuOtaUpdate.xml = screenFiles\VuRcuOtaUpdate.xml
		screenFiles\VWeather3Setup.xml = screenFiles\VWeather3Setup.xml
		screenFiles\windowstyle.xml = screenFiles\windowstyle.xml
		screenFiles\windowstyle_1.xml = screenFiles\windowstyle_1.xml
		screenFiles\WlanConfig.xml = screenFiles\WlanConfig.xml
		screenFiles\WlanScan.xml = screenFiles\WlanScan.xml
		screenFiles\WlanScanAp.xml = screenFiles\WlanScanAp.xml
		screenFiles\WlanSelection.xml = screenFiles\WlanSelection.xml
		screenFiles\WlanSetup.xml = screenFiles\WlanSetup.xml
		screenFiles\Wlanstatus.xml = screenFiles\Wlanstatus.xml
		screenFiles\WOLSetup.xml = screenFiles\WOLSetup.xml
		screenFiles\YoutubeTVSettings.xml = screenFiles\YoutubeTVSettings.xml
		screenFiles\YoutubeTVWindow.xml = screenFiles\YoutubeTVWindow.xml
		screenFiles\ZappingModeSelection.xml = screenFiles\ZappingModeSelection.xml
	EndProjectSection
EndProject
Project("{9A19103F-16F7-4668-BE54-9A1E7A4F7556}") = "Helper", "tools\Helper\Helper.csproj", "{B92199E0-4B41-4131-98BA-A8E53351BD6D}"
EndProject
Project("{2150E333-8FDC-42A3-9474-1A3956D46DE8}") = "Repository", "Repository", "{2865D574-3F29-41A6-84EF-C29006536B42}"
	ProjectSection(SolutionItems) = preProject
		README.md = README.md
	EndProjectSection
EndProject
Project("{2150E333-8FDC-42A3-9474-1A3956D46DE8}") = "skinParts", "skinParts", "{68B36529-5F60-4BAB-9754-C1F4111BD39A}"
	ProjectSection(SolutionItems) = preProject
		\\10.0.124.198\rootfs\share\enigma2\MetrixReloaded\allScreens\skin_InfoBar_by_SleepyHellow.xml = \\10.0.124.198\rootfs\share\enigma2\MetrixReloaded\allScreens\skin_InfoBar_by_SleepyHellow.xml
		..\Vu+\MetrixReloaded\skinparts\skin_Menu_SystemInfo_Full.xml = ..\Vu+\MetrixReloaded\skinparts\skin_Menu_SystemInfo_Full.xml
		\\10.0.124.198\rootfs\share\enigma2\MetrixReloaded\allScreens\skin_Menu_SystemInfo_Full.xml = \\10.0.124.198\rootfs\share\enigma2\MetrixReloaded\allScreens\skin_Menu_SystemInfo_Full.xml
		skinparts\skin_Plugin_EPG_Share.xml = skinparts\skin_Plugin_EPG_Share.xml
		\\10.0.124.198\rootfs\share\enigma2\MetrixReloaded\allScreens\skin_Plugin_EPG_Share.xml = \\10.0.124.198\rootfs\share\enigma2\MetrixReloaded\allScreens\skin_Plugin_EPG_Share.xml
		skinparts\skin_Plugin_EPGImport.xml = skinparts\skin_Plugin_EPGImport.xml
		\\10.0.124.198\rootfs\share\enigma2\MetrixReloaded\allScreens\skin_Plugin_EPGImport.xml = \\10.0.124.198\rootfs\share\enigma2\MetrixReloaded\allScreens\skin_Plugin_EPGImport.xml
		skinparts\skin_Plugin_EPGRefresh.xml = skinparts\skin_Plugin_EPGRefresh.xml
		\\10.0.124.198\rootfs\share\enigma2\MetrixReloaded\allScreens\skin_Plugin_EPGRefresh.xml = \\10.0.124.198\rootfs\share\enigma2\MetrixReloaded\allScreens\skin_Plugin_EPGRefresh.xml
		skinparts\skin_Plugin_Serienrecorder.xml = skinparts\skin_Plugin_Serienrecorder.xml
		\\10.0.124.198\rootfs\share\enigma2\MetrixReloaded\allScreens\skin_Plugin_Serienrecorder.xml = \\10.0.124.198\rootfs\share\enigma2\MetrixReloaded\allScreens\skin_Plugin_Serienrecorder.xml
		\\10.0.124.198\rootfs\share\enigma2\MetrixReloaded\allScreens\skin_SecondInfoBar_Layout_1.xml = \\10.0.124.198\rootfs\share\enigma2\MetrixReloaded\allScreens\skin_SecondInfoBar_Layout_1.xml
		\\10.0.124.198\rootfs\share\enigma2\MetrixReloaded\allScreens\skin_SecondInfoBar_Layout_2.xml = \\10.0.124.198\rootfs\share\enigma2\MetrixReloaded\allScreens\skin_SecondInfoBar_Layout_2.xml
	EndProjectSection
EndProject
Global
	GlobalSection(SolutionConfigurationPlatforms) = preSolution
		Debug|Any CPU = Debug|Any CPU
		Release|Any CPU = Release|Any CPU
	EndGlobalSection
	GlobalSection(ProjectConfigurationPlatforms) = postSolution
		{B1C7C4FF-1AD8-4019-A1EA-052589F986C5}.Debug|Any CPU.ActiveCfg = Debug|Any CPU
		{B1C7C4FF-1AD8-4019-A1EA-052589F986C5}.Debug|Any CPU.Build.0 = Debug|Any CPU
		{B1C7C4FF-1AD8-4019-A1EA-052589F986C5}.Release|Any CPU.ActiveCfg = Release|Any CPU
		{B1C7C4FF-1AD8-4019-A1EA-052589F986C5}.Release|Any CPU.Build.0 = Release|Any CPU
		{A4FDF022-A82E-492C-B592-0C9BCBEB6BFF}.Debug|Any CPU.ActiveCfg = Debug|Any CPU
		{A4FDF022-A82E-492C-B592-0C9BCBEB6BFF}.Debug|Any CPU.Build.0 = Debug|Any CPU
		{A4FDF022-A82E-492C-B592-0C9BCBEB6BFF}.Release|Any CPU.ActiveCfg = Release|Any CPU
		{A4FDF022-A82E-492C-B592-0C9BCBEB6BFF}.Release|Any CPU.Build.0 = Release|Any CPU
		{98F486F2-C934-4690-BC8E-CF6905B8E8D2}.Debug|Any CPU.ActiveCfg = Debug|Any CPU
		{98F486F2-C934-4690-BC8E-CF6905B8E8D2}.Debug|Any CPU.Build.0 = Debug|Any CPU
		{98F486F2-C934-4690-BC8E-CF6905B8E8D2}.Release|Any CPU.ActiveCfg = Release|Any CPU
		{98F486F2-C934-4690-BC8E-CF6905B8E8D2}.Release|Any CPU.Build.0 = Release|Any CPU
		{1B397A95-3FA1-44F4-80D3-16C92349BEC4}.Debug|Any CPU.ActiveCfg = Debug|Any CPU
		{1B397A95-3FA1-44F4-80D3-16C92349BEC4}.Debug|Any CPU.Build.0 = Debug|Any CPU
		{1B397A95-3FA1-44F4-80D3-16C92349BEC4}.Release|Any CPU.ActiveCfg = Release|Any CPU
		{1B397A95-3FA1-44F4-80D3-16C92349BEC4}.Release|Any CPU.Build.0 = Release|Any CPU
		{9916E4DA-3360-4251-AEBC-96AFAAD3AAC5}.Debug|Any CPU.ActiveCfg = Debug|Any CPU
		{9916E4DA-3360-4251-AEBC-96AFAAD3AAC5}.Debug|Any CPU.Build.0 = Debug|Any CPU
		{9916E4DA-3360-4251-AEBC-96AFAAD3AAC5}.Release|Any CPU.ActiveCfg = Release|Any CPU
		{9916E4DA-3360-4251-AEBC-96AFAAD3AAC5}.Release|Any CPU.Build.0 = Release|Any CPU
		{B92199E0-4B41-4131-98BA-A8E53351BD6D}.Debug|Any CPU.ActiveCfg = Debug|Any CPU
		{B92199E0-4B41-4131-98BA-A8E53351BD6D}.Debug|Any CPU.Build.0 = Debug|Any CPU
		{B92199E0-4B41-4131-98BA-A8E53351BD6D}.Release|Any CPU.ActiveCfg = Release|Any CPU
		{B92199E0-4B41-4131-98BA-A8E53351BD6D}.Release|Any CPU.Build.0 = Release|Any CPU
	EndGlobalSection
	GlobalSection(SolutionProperties) = preSolution
		HideSolutionNode = FALSE
	EndGlobalSection
	GlobalSection(NestedProjects) = preSolution
		{B1C7C4FF-1AD8-4019-A1EA-052589F986C5} = {E9F4C52D-3853-4E8D-A98C-0F53E897EB3D}
		{A4FDF022-A82E-492C-B592-0C9BCBEB6BFF} = {E9F4C52D-3853-4E8D-A98C-0F53E897EB3D}
		{98F486F2-C934-4690-BC8E-CF6905B8E8D2} = {E9F4C52D-3853-4E8D-A98C-0F53E897EB3D}
		{1B397A95-3FA1-44F4-80D3-16C92349BEC4} = {E9F4C52D-3853-4E8D-A98C-0F53E897EB3D}
		{9916E4DA-3360-4251-AEBC-96AFAAD3AAC5} = {E9F4C52D-3853-4E8D-A98C-0F53E897EB3D}
		{9C874FC9-CE3F-4A2E-A201-4B6254C6D214} = {FE49F274-7647-4D47-9ED2-763D3C4CAF3E}
		{0C802B7A-5DF5-48F9-8A6B-47615D06FF3D} = {9C874FC9-CE3F-4A2E-A201-4B6254C6D214}
		{6DEDD33A-C54B-4C08-A5E7-CBC96CD5B5D2} = {9C874FC9-CE3F-4A2E-A201-4B6254C6D214}
		{EA8EADFE-01E3-4538-9BCD-24F25340870F} = {FE49F274-7647-4D47-9ED2-763D3C4CAF3E}
		{B92199E0-4B41-4131-98BA-A8E53351BD6D} = {E9F4C52D-3853-4E8D-A98C-0F53E897EB3D}
	EndGlobalSection
	GlobalSection(ExtensibilityGlobals) = postSolution
		SolutionGuid = {15F85B7A-D1BC-4A05-9F4A-8F200A467742}
	EndGlobalSection
EndGlobal
